github.com/adityatelange/hugo-PaperMod v0.0.0-20240316195851-dad94ab4b7c5 h1:yczLu4cdgnLAiRHGQuxTP86WHfEvip4IAkcKT/2HocE=
github.com/adityatelange/hugo-PaperMod v0.0.0-20240316195851-dad94ab4b7c5/go.mod h1:HCHxNMKYdGafUYjVV3ICiAqznZK2yH0iI53jqcDFDdQ=
github.com/foo-dogsquared/hugo-mod-simple-icons v0.0.0-20240327231659-ed36bf26a540 h1:4h92xwFV0LWhj88FJXEYgrfND+AXygMWaD+myaHeIus=
github.com/foo-dogsquared/hugo-mod-simple-icons v0.0.0-20240327231659-ed36bf26a540/go.mod h1:SET/dabYoboL/coVTUBgVcxgKQdRb8vTCotPiU/Lr6E=
github.com/loganmarchione/homelab-svg-assets v0.0.0-20240310210945-b248d19ce7d1 h1:vooSqLllO2eZUitwrgEovbfeVUsjnrOJ7+qWcisZloI=
github.com/loganmarchione/homelab-svg-assets v0.0.0-20240310210945-b248d19ce7d1/go.mod h1:6pJO5cGKHNbObJ81HtJWt72algIDNUilaUARhSmkgXc=
github.com/simple-icons/simple-icons v0.0.0-20240327043627-e9a3ab729e7c/go.mod h1:oOgUUt8yVYOso/wEBi2ojfZP2MU/xxiNccIpaE+jCvE=
